// !$*UTF8*$!
{
	archiveVersion = 1;
	classes = {
	};
	objectVersion = 55;
	objects = {

/* Begin PBXBuildFile section */
		93DC1D7C290E19B100ED4E47 /* AppDelegate.swift in Sources */ = {isa = PBXBuildFile; fileRef = 93DC1D7B290E19B100ED4E47 /* AppDelegate.swift */; };
		93DC1D7E290E19B100ED4E47 /* SceneDelegate.swift in Sources */ = {isa = PBXBuildFile; fileRef = 93DC1D7D290E19B100ED4E47 /* SceneDelegate.swift */; };
		93DC1D80290E19B100ED4E47 /* ViewController.swift in Sources */ = {isa = PBXBuildFile; fileRef = 93DC1D7F290E19B100ED4E47 /* ViewController.swift */; };
		93DC1D83290E19B100ED4E47 /* Main.storyboard in Resources */ = {isa = PBXBuildFile; fileRef = 93DC1D81290E19B100ED4E47 /* Main.storyboard */; };
		93DC1D85290E19B300ED4E47 /* Assets.xcassets in Resources */ = {isa = PBXBuildFile; fileRef = 93DC1D84290E19B300ED4E47 /* Assets.xcassets */; };
		93DC1D88290E19B300ED4E47 /* LaunchScreen.storyboard in Resources */ = {isa = PBXBuildFile; fileRef = 93DC1D86290E19B300ED4E47 /* LaunchScreen.storyboard */; };
		D42CB09A07AFE88A13757901 /* Pods_KTPOCR.framework in Frameworks */ = {isa = PBXBuildFile; fileRef = FCA9E31B5EAFE4A5F9861E28 /* Pods_KTPOCR.framework */; };
/* End PBXBuildFile section */

/* Begin PBXFileReference section */
		93DC1D78290E19B100ED4E47 /* KTPOCR.app */ = {isa = PBXFileReference; explicitFileType = wrapper.application; includeInIndex = 0; path = KTPOCR.app; sourceTree = BUILT_PRODUCTS_DIR; };
		93DC1D7B290E19B100ED4E47 /* AppDelegate.swift */ = {isa = PBXFileReference; lastKnownFileType = sourcecode.swift; path = AppDelegate.swift; sourceTree = "<group>"; };
		93DC1D7D290E19B100ED4E47 /* SceneDelegate.swift */ = {isa = PBXFileReference; lastKnownFileType = sourcecode.swift; path = SceneDelegate.swift; sourceTree = "<group>"; };
		93DC1D7F290E19B100ED4E47 /* ViewController.swift */ = {isa = PBXFileReference; lastKnownFileType = sourcecode.swift; path = ViewController.swift; sourceTree = "<group>"; };
		93DC1D82290E19B100ED4E47 /* Base */ = {isa = PBXFileReference; lastKnownFileType = file.storyboard; name = Base; path = Base.lproj/Main.storyboard; sourceTree = "<group>"; };
		93DC1D84290E19B300ED4E47 /* Assets.xcassets */ = {isa = PBXFileReference; lastKnownFileType = folder.assetcatalog; path = Assets.xcassets; sourceTree = "<group>"; };
		93DC1D87290E19B300ED4E47 /* Base */ = {isa = PBXFileReference; lastKnownFileType = file.storyboard; name = Base; path = Base.lproj/LaunchScreen.storyboard; sourceTree = "<group>"; };
		93DC1D89290E19B300ED4E47 /* Info.plist */ = {isa = PBXFileReference; lastKnownFileType = text.plist.xml; path = Info.plist; sourceTree = "<group>"; };
		A349FCBD2ED56297CBAACD3D /* Pods-KTPOCR.debug.xcconfig */ = {isa = PBXFileReference; includeInIndex = 1; lastKnownFileType = text.xcconfig; name = "Pods-KTPOCR.debug.xcconfig"; path = "Target Support Files/Pods-KTPOCR/Pods-KTPOCR.debug.xcconfig"; sourceTree = "<group>"; };
		C44C084126931C48A01E8415 /* Pods-KTPOCR.release.xcconfig */ = {isa = PBXFileReference; includeInIndex = 1; lastKnownFileType = text.xcconfig; name = "Pods-KTPOCR.release.xcconfig"; path = "Target Support Files/Pods-KTPOCR/Pods-KTPOCR.release.xcconfig"; sourceTree = "<group>"; };
		FCA9E31B5EAFE4A5F9861E28 /* Pods_KTPOCR.framework */ = {isa = PBXFileReference; explicitFileType = wrapper.framework; includeInIndex = 0; path = Pods_KTPOCR.framework; sourceTree = BUILT_PRODUCTS_DIR; };
/* End PBXFileReference section */

/* Begin PBXFrameworksBuildPhase section */
		93DC1D75290E19B100ED4E47 /* Frameworks */ = {
			isa = PBXFrameworksBuildPhase;
			buildActionMask = 2147483647;
			files = (
				D42CB09A07AFE88A13757901 /* Pods_KTPOCR.framework in Frameworks */,
			);
			runOnlyForDeploymentPostprocessing = 0;
		};
/* End PBXFrameworksBuildPhase section */

/* Begin PBXGroup section */
		6BD2F3F4A265AB838BF475A3 /* Pods */ = {
			isa = PBXGroup;
			children = (
				A349FCBD2ED56297CBAACD3D /* Pods-KTPOCR.debug.xcconfig */,
				C44C084126931C48A01E8415 /* Pods-KTPOCR.release.xcconfig */,
			);
			path = Pods;
			sourceTree = "<group>";
		};
		7E10338CFA354200607A0A38 /* Frameworks */ = {
			isa = PBXGroup;
			children = (
				FCA9E31B5EAFE4A5F9861E28 /* Pods_KTPOCR.framework */,
			);
			name = Frameworks;
			sourceTree = "<group>";
		};
		93DC1D6F290E19B100ED4E47 = {
			isa = PBXGroup;
			children = (
				93DC1D7A290E19B100ED4E47 /* KTPOCR */,
				93DC1D79290E19B100ED4E47 /* Products */,
				6BD2F3F4A265AB838BF475A3 /* Pods */,
				7E10338CFA354200607A0A38 /* Frameworks */,
			);
			sourceTree = "<group>";
		};
		93DC1D79290E19B100ED4E47 /* Products */ = {
			isa = PBXGroup;
			children = (
				93DC1D78290E19B100ED4E47 /* KTPOCR.app */,
			);
			name = Products;
			sourceTree = "<group>";
		};
		93DC1D7A290E19B100ED4E47 /* KTPOCR */ = {
			isa = PBXGroup;
			children = (
				93DC1D7B290E19B100ED4E47 /* AppDelegate.swift */,
				93DC1D7D290E19B100ED4E47 /* SceneDelegate.swift */,
				93DC1D7F290E19B100ED4E47 /* ViewController.swift */,
				93DC1D81290E19B100ED4E47 /* Main.storyboard */,
				93DC1D84290E19B300ED4E47 /* Assets.xcassets */,
				93DC1D86290E19B300ED4E47 /* LaunchScreen.storyboard */,
				93DC1D89290E19B300ED4E47 /* Info.plist */,
			);
			path = KTPOCR;
			sourceTree = "<group>";
		};
/* End PBXGroup section */

/* Begin PBXNativeTarget section */
		93DC1D77290E19B100ED4E47 /* KTPOCR */ = {
			isa = PBXNativeTarget;
			buildConfigurationList = 93DC1D8C290E19B300ED4E47 /* Build configuration list for PBXNativeTarget "KTPOCR" */;
			buildPhases = (
				8D47DAB332AD4838CD90DAFA /* [CP] Check Pods Manifest.lock */,
				93DC1D74290E19B100ED4E47 /* Sources */,
				93DC1D75290E19B100ED4E47 /* Frameworks */,
				93DC1D76290E19B100ED4E47 /* Resources */,
				5FF47C05768E42F90A78F828 /* [CP] Embed Pods Frameworks */,
			);
			buildRules = (
			);
			dependencies = (
			);
			name = KTPOCR;
			productName = KTPOCR;
			productReference = 93DC1D78290E19B100ED4E47 /* KTPOCR.app */;
			productType = "com.apple.product-type.application";
		};
/* End PBXNativeTarget section */

/* Begin PBXProject section */
		93DC1D70290E19B100ED4E47 /* Project object */ = {
			isa = PBXProject;
			attributes = {
				BuildIndependentTargetsInParallel = 1;
				LastSwiftUpdateCheck = 1340;
				LastUpgradeCheck = 1340;
				TargetAttributes = {
					93DC1D77290E19B100ED4E47 = {
						CreatedOnToolsVersion = 13.4.1;
					};
				};
			};
			buildConfigurationList = 93DC1D73290E19B100ED4E47 /* Build configuration list for PBXProject "KTPOCR" */;
			compatibilityVersion = "Xcode 13.0";
			developmentRegion = en;
			hasScannedForEncodings = 0;
			knownRegions = (
				en,
				Base,
			);
			mainGroup = 93DC1D6F290E19B100ED4E47;
			productRefGroup = 93DC1D79290E19B100ED4E47 /* Products */;
			projectDirPath = "";
			projectRoot = "";
			targets = (
				93DC1D77290E19B100ED4E47 /* KTPOCR */,
			);
		};
/* End PBXProject section */

/* Begin PBXResourcesBuildPhase section */
		93DC1D76290E19B100ED4E47 /* Resources */ = {
			isa = PBXResourcesBuildPhase;
			buildActionMask = 2147483647;
			files = (
				93DC1D88290E19B300ED4E47 /* LaunchScreen.storyboard in Resources */,
				93DC1D85290E19B300ED4E47 /* Assets.xcassets in Resources */,
				93DC1D83290E19B100ED4E47 /* Main.storyboard in Resources */,
			);
			runOnlyForDeploymentPostprocessing = 0;
		};
/* End PBXResourcesBuildPhase section */

/* Begin PBXShellScriptBuildPhase section */
		5FF47C05768E42F90A78F828 /* [CP] Embed Pods Frameworks */ = {
			isa = PBXShellScriptBuildPhase;
			buildActionMask = 2147483647;
			files = (
			);
			inputFileListPaths = (
				"${PODS_ROOT}/Target Support Files/Pods-KTPOCR/Pods-KTPOCR-frameworks-${CONFIGURATION}-input-files.xcfilelist",
			);
			name = "[CP] Embed Pods Frameworks";
			outputFileListPaths = (
				"${PODS_ROOT}/Target Support Files/Pods-KTPOCR/Pods-KTPOCR-frameworks-${CONFIGURATION}-output-files.xcfilelist",
			);
			runOnlyForDeploymentPostprocessing = 0;
			shellPath = /bin/sh;
			shellScript = "\"${PODS_ROOT}/Target Support Files/Pods-KTPOCR/Pods-KTPOCR-frameworks.sh\"\n";
			showEnvVarsInLog = 0;
		};
		8D47DAB332AD4838CD90DAFA /* [CP] Check Pods Manifest.lock */ = {
			isa = PBXShellScriptBuildPhase;
			buildActionMask = 2147483647;
			files = (
			);
			inputFileListPaths = (
			);
			inputPaths = (
				"${PODS_PODFILE_DIR_PATH}/Podfile.lock",
				"${PODS_ROOT}/Manifest.lock",
			);
			name = "[CP] Check Pods Manifest.lock";
			outputFileListPaths = (
			);
			outputPaths = (
				"$(DERIVED_FILE_DIR)/Pods-KTPOCR-checkManifestLockResult.txt",
			);
			runOnlyForDeploymentPostprocessing = 0;
			shellPath = /bin/sh;
			shellScript = "diff \"${PODS_PODFILE_DIR_PATH}/Podfile.lock\" \"${PODS_ROOT}/Manifest.lock\" > /dev/null\nif [ $? != 0 ] ; then\n    # print error to STDERR\n    echo \"error: The sandbox is not in sync with the Podfile.lock. Run 'pod install' or update your CocoaPods installation.\" >&2\n    exit 1\nfi\n# This output is used by Xcode 'outputs' to avoid re-running this script phase.\necho \"SUCCESS\" > \"${SCRIPT_OUTPUT_FILE_0}\"\n";
			showEnvVarsInLog = 0;
		};
/* End PBXShellScriptBuildPhase section */

/* Begin PBXSourcesBuildPhase section */
		93DC1D74290E19B100ED4E47 /* Sources */ = {
			isa = PBXSourcesBuildPhase;
			buildActionMask = 2147483647;
			files = (
				93DC1D80290E19B100ED4E47 /* ViewController.swift in Sources */,
				93DC1D7C290E19B100ED4E47 /* AppDelegate.swift in Sources */,
				93DC1D7E290E19B100ED4E47 /* SceneDelegate.swift in Sources */,
			);
			runOnlyForDeploymentPostprocessing = 0;
		};
/* End PBXSourcesBuildPhase section */

/* Begin PBXVariantGroup section */
		93DC1D81290E19B100ED4E47 /* Main.storyboard */ = {
			isa = PBXVariantGroup;
			children = (
				93DC1D82290E19B100ED4E47 /* Base */,
			);
			name = Main.storyboard;
			sourceTree = "<group>";
		};
		93DC1D86290E19B300ED4E47 /* LaunchScreen.storyboard */ = {
			isa = PBXVariantGroup;
			children = (
				93DC1D87290E19B300ED4E47 /* Base */,
			);
			name = LaunchScreen.storyboard;
			sourceTree = "<group>";
		};
/* End PBXVariantGroup section */

/* Begin XCBuildConfiguration section */
		93DC1D8A290E19B300ED4E47 /* Debug */ = {
			isa = XCBuildConfiguration;
			buildSettings = {
				ALWAYS_SEARCH_USER_PATHS = NO;
				CLANG_ANALYZER_NONNULL = YES;
				CLANG_ANALYZER_NUMBER_OBJECT_CONVERSION = YES_AGGRESSIVE;
				CLANG_CXX_LANGUAGE_STANDARD = "gnu++17";
				CLANG_ENABLE_MODULES = YES;
				CLANG_ENABLE_OBJC_ARC = YES;
				CLANG_ENABLE_OBJC_WEAK = YES;
				CLANG_WARN_BLOCK_CAPTURE_AUTORELEASING = YES;
				CLANG_WARN_BOOL_CONVERSION = YES;
				CLANG_WARN_COMMA = YES;
				CLANG_WARN_CONSTANT_CONVERSION = YES;
				CLANG_WARN_DEPRECATED_OBJC_IMPLEMENTATIONS = YES;
				CLANG_WARN_DIRECT_OBJC_ISA_USAGE = YES_ERROR;
				CLANG_WARN_DOCUMENTATION_COMMENTS = YES;
				CLANG_WARN_EMPTY_BODY = YES;
				CLANG_WARN_ENUM_CONVERSION = YES;
				CLANG_WARN_INFINITE_RECURSION = YES;
				CLANG_WARN_INT_CONVERSION = YES;
				CLANG_WARN_NON_LITERAL_NULL_CONVERSION = YES;
				CLANG_WARN_OBJC_IMPLICIT_RETAIN_SELF = YES;
				CLANG_WARN_OBJC_LITERAL_CONVERSION = YES;
				CLANG_WARN_OBJC_ROOT_CLASS = YES_ERROR;
				CLANG_WARN_QUOTED_INCLUDE_IN_FRAMEWORK_HEADER = YES;
				CLANG_WARN_RANGE_LOOP_ANALYSIS = YES;
				CLANG_WARN_STRICT_PROTOTYPES = YES;
				CLANG_WARN_SUSPICIOUS_MOVE = YES;
				CLANG_WARN_UNGUARDED_AVAILABILITY = YES_AGGRESSIVE;
				CLANG_WARN_UNREACHABLE_CODE = YES;
				CLANG_WARN__DUPLICATE_METHOD_MATCH = YES;
				COPY_PHASE_STRIP = NO;
				DEBUG_INFORMATION_FORMAT = dwarf;
				ENABLE_STRICT_OBJC_MSGSEND = YES;
				ENABLE_TESTABILITY = YES;
				GCC_C_LANGUAGE_STANDARD = gnu11;
				GCC_DYNAMIC_NO_PIC = NO;
				GCC_NO_COMMON_BLOCKS = YES;
				GCC_OPTIMIZATION_LEVEL = 0;
				GCC_PREPROCESSOR_DEFINITIONS = (
					"DEBUG=1",
					"$(inherited)",
				);
				GCC_WARN_64_TO_32_BIT_CONVERSION = YES;
				GCC_WARN_ABOUT_RETURN_TYPE = YES_ERROR;
				GCC_WARN_UNDECLARED_SELECTOR = YES;
				GCC_WARN_UNINITIALIZED_AUTOS = YES_AGGRESSIVE;
				GCC_WARN_UNUSED_FUNCTION = YES;
				GCC_WARN_UNUSED_VARIABLE = YES;
				IPHONEOS_DEPLOYMENT_TARGET = 15.5;
				MTL_ENABLE_DEBUG_INFO = INCLUDE_SOURCE;
				MTL_FAST_MATH = YES;
				ONLY_ACTIVE_ARCH = YES;
				SDKROOT = iphoneos;
				SWIFT_ACTIVE_COMPILATION_CONDITIONS = DEBUG;
				SWIFT_OPTIMIZATION_LEVEL = "-Onone";
			};
			name = Debug;
		};
		93DC1D8B290E19B300ED4E47 /* Release */ = {
			isa = XCBuildConfiguration;
			buildSettings = {
				ALWAYS_SEARCH_USER_PATHS = NO;
				CLANG_ANALYZER_NONNULL = YES;
				CLANG_ANALYZER_NUMBER_OBJECT_CONVERSION = YES_AGGRESSIVE;
				CLANG_CXX_LANGUAGE_STANDARD = "gnu++17";
				CLANG_ENABLE_MODULES = YES;
				CLANG_ENABLE_OBJC_ARC = YES;
				CLANG_ENABLE_OBJC_WEAK = YES;
				CLANG_WARN_BLOCK_CAPTURE_AUTORELEASING = YES;
				CLANG_WARN_BOOL_CONVERSION = YES;
				CLANG_WARN_COMMA = YES;
				CLANG_WARN_CONSTANT_CONVERSION = YES;
				CLANG_WARN_DEPRECATED_OBJC_IMPLEMENTATIONS = YES;
				CLANG_WARN_DIRECT_OBJC_ISA_USAGE = YES_ERROR;
				CLANG_WARN_DOCUMENTATION_COMMENTS = YES;
				CLANG_WARN_EMPTY_BODY = YES;
				CLANG_WARN_ENUM_CONVERSION = YES;
				CLANG_WARN_INFINITE_RECURSION = YES;
				CLANG_WARN_INT_CONVERSION = YES;
				CLANG_WARN_NON_LITERAL_NULL_CONVERSION = YES;
				CLANG_WARN_OBJC_IMPLICIT_RETAIN_SELF = YES;
				CLANG_WARN_OBJC_LITERAL_CONVERSION = YES;
				CLANG_WARN_OBJC_ROOT_CLASS = YES_ERROR;
				CLANG_WARN_QUOTED_INCLUDE_IN_FRAMEWORK_HEADER = YES;
				CLANG_WARN_RANGE_LOOP_ANALYSIS = YES;
				CLANG_WARN_STRICT_PROTOTYPES = YES;
				CLANG_WARN_SUSPICIOUS_MOVE = YES;
				CLANG_WARN_UNGUARDED_AVAILABILITY = YES_AGGRESSIVE;
				CLANG_WARN_UNREACHABLE_CODE = YES;
				CLANG_WARN__DUPLICATE_METHOD_MATCH = YES;
				COPY_PHASE_STRIP = NO;
				DEBUG_INFORMATION_FORMAT = "dwarf-with-dsym";
				ENABLE_NS_ASSERTIONS = NO;
				ENABLE_STRICT_OBJC_MSGSEND = YES;
				GCC_C_LANGUAGE_STANDARD = gnu11;
				GCC_NO_COMMON_BLOCKS = YES;
				GCC_WARN_64_TO_32_BIT_CONVERSION = YES;
				GCC_WARN_ABOUT_RETURN_TYPE = YES_ERROR;
				GCC_WARN_UNDECLARED_SELECTOR = YES;
				GCC_WARN_UNINITIALIZED_AUTOS = YES_AGGRESSIVE;
				GCC_WARN_UNUSED_FUNCTION = YES;
				GCC_WARN_UNUSED_VARIABLE = YES;
				IPHONEOS_DEPLOYMENT_TARGET = 15.5;
				MTL_ENABLE_DEBUG_INFO = NO;
				MTL_FAST_MATH = YES;
				SDKROOT = iphoneos;
				SWIFT_COMPILATION_MODE = wholemodule;
				SWIFT_OPTIMIZATION_LEVEL = "-O";
				VALIDATE_PRODUCT = YES;
			};
			name = Release;
		};
		93DC1D8D290E19B300ED4E47 /* Debug */ = {
			isa = XCBuildConfiguration;
			baseConfigurationReference = A349FCBD2ED56297CBAACD3D /* Pods-KTPOCR.debug.xcconfig */;
			buildSettings = {
				ASSETCATALOG_COMPILER_APPICON_NAME = AppIcon;
				ASSETCATALOG_COMPILER_GLOBAL_ACCENT_COLOR_NAME = AccentColor;
				CODE_SIGN_STYLE = Automatic;
				CURRENT_PROJECT_VERSION = 1;
				DEVELOPMENT_TEAM = 9GE8EQEDQB;
				GENERATE_INFOPLIST_FILE = YES;
				INFOPLIST_FILE = KTPOCR/Info.plist;
				INFOPLIST_KEY_UIApplicationSupportsIndirectInputEvents = YES;
				INFOPLIST_KEY_UILaunchStoryboardName = LaunchScreen;
				INFOPLIST_KEY_UIMainStoryboardFile = Main;
				INFOPLIST_KEY_UISupportedInterfaceOrientations_iPad = "UIInterfaceOrientationPortrait UIInterfaceOrientationPortraitUpsideDown UIInterfaceOrientationLandscapeLeft UIInterfaceOrientationLandscapeRight";
				INFOPLIST_KEY_UISupportedInterfaceOrientations_iPhone = "UIInterfaceOrientationPortrait UIInterfaceOrientationLandscapeLeft UIInterfaceOrientationLandscapeRight";
				IPHONEOS_DEPLOYMENT_TARGET = 13.0;
				LD_RUNPATH_SEARCH_PATHS = (
					"$(inherited)",
					"@executable_path/Frameworks",
				);
				MARKETING_VERSION = 1.0;
				PRODUCT_BUNDLE_IDENTIFIER = id.alfian.KTPOCR;
				PRODUCT_NAME = "$(TARGET_NAME)";
				SWIFT_EMIT_LOC_STRINGS = YES;
				SWIFT_VERSION = 5.0;
				TARGETED_DEVICE_FAMILY = 1;
			};
			name = Debug;
		};
		93DC1D8E290E19B300ED4E47 /* Release */ = {
			isa = XCBuildConfiguration;
			baseConfigurationReference = C44C084126931C48A01E8415 /* Pods-KTPOCR.release.xcconfig */;
			buildSettings = {
				ASSETCATALOG_COMPILER_APPICON_NAME = AppIcon;
				ASSETCATALOG_COMPILER_GLOBAL_ACCENT_COLOR_NAME = AccentColor;
				CODE_SIGN_STYLE = Automatic;
				CURRENT_PROJECT_VERSION = 1;
				DEVELOPMENT_TEAM = 9GE8EQEDQB;
				GENERATE_INFOPLIST_FILE = YES;
				INFOPLIST_FILE = KTPOCR/Info.plist;
				INFOPLIST_KEY_UIApplicationSupportsIndirectInputEvents = YES;
				INFOPLIST_KEY_UILaunchStoryboardName = LaunchScreen;
				INFOPLIST_KEY_UIMainStoryboardFile = Main;
				INFOPLIST_KEY_UISupportedInterfaceOrientations_iPad = "UIInterfaceOrientationPortrait UIInterfaceOrientationPortraitUpsideDown UIInterfaceOrientationLandscapeLeft UIInterfaceOrientationLandscapeRight";
				INFOPLIST_KEY_UISupportedInterfaceOrientations_iPhone = "UIInterfaceOrientationPortrait UIInterfaceOrientationLandscapeLeft UIInterfaceOrientationLandscapeRight";
				IPHONEOS_DEPLOYMENT_TARGET = 13.0;
				LD_RUNPATH_SEARCH_PATHS = (
					"$(inherited)",
					"@executable_path/Frameworks",
				);
				MARKETING_VERSION = 1.0;
				PRODUCT_BUNDLE_IDENTIFIER = id.alfian.KTPOCR;
				PRODUCT_NAME = "$(TARGET_NAME)";
				SWIFT_EMIT_LOC_STRINGS = YES;
				SWIFT_VERSION = 5.0;
				TARGETED_DEVICE_FAMILY = 1;
			};
			name = Release;
		};
/* End XCBuildConfiguration section */

/* Begin XCConfigurationList section */
		93DC1D73290E19B100ED4E47 /* Build configuration list for PBXProject "KTPOCR" */ = {
			isa = XCConfigurationList;
			buildConfigurations = (
				93DC1D8A290E19B300ED4E47 /* Debug */,
				93DC1D8B290E19B300ED4E47 /* Release */,
			);
			defaultConfigurationIsVisible = 0;
			defaultConfigurationName = Release;
		};
		93DC1D8C290E19B300ED4E47 /* Build configuration list for PBXNativeTarget "KTPOCR" */ = {
			isa = XCConfigurationList;
			buildConfigurations = (
				93DC1D8D290E19B300ED4E47 /* Debug */,
				93DC1D8E290E19B300ED4E47 /* Release */,
			);
			defaultConfigurationIsVisible = 0;
			defaultConfigurationName = Release;
		};
/* End XCConfigurationList section */
	};
	rootObject = 93DC1D70290E19B100ED4E47 /* Project object */;
}
